// !$*UTF8*$!
{
	archiveVersion = 1;
	classes = {
	};
	objectVersion = 46;
	objects = {

/* Begin PBXBuildFile section */
		B478621E1A7C300500DC01CD /* main.m in Sources */ = {isa = PBXBuildFile; fileRef = B478621D1A7C300500DC01CD /* main.m */; };
		B47862211A7C300500DC01CD /* AppDelegate.m in Sources */ = {isa = PBXBuildFile; fileRef = B47862201A7C300500DC01CD /* AppDelegate.m */; };
		B47862241A7C300500DC01CD /* ViewController.m in Sources */ = {isa = PBXBuildFile; fileRef = B47862231A7C300500DC01CD /* ViewController.m */; };
		B47862271A7C300500DC01CD /* Main.storyboard in Resources */ = {isa = PBXBuildFile; fileRef = B47862251A7C300500DC01CD /* Main.storyboard */; };
		B47862291A7C300500DC01CD /* Images.xcassets in Resources */ = {isa = PBXBuildFile; fileRef = B47862281A7C300500DC01CD /* Images.xcassets */; };
		B478622C1A7C300500DC01CD /* LaunchScreen.xib in Resources */ = {isa = PBXBuildFile; fileRef = B478622A1A7C300500DC01CD /* LaunchScreen.xib */; };
		B47862381A7C300500DC01CD /* CalculatorTests.m in Sources */ = {isa = PBXBuildFile; fileRef = B47862371A7C300500DC01CD /* CalculatorTests.m */; };
		B47862431A7C416D00DC01CD /* CalculatorBrain.m in Sources */ = {isa = PBXBuildFile; fileRef = B47862421A7C416D00DC01CD /* CalculatorBrain.m */; };
/* End PBXBuildFile section */

/* Begin PBXContainerItemProxy section */
		B47862321A7C300500DC01CD /* PBXContainerItemProxy */ = {
			isa = PBXContainerItemProxy;
			containerPortal = B47862101A7C300500DC01CD /* Project object */;
			proxyType = 1;
			remoteGlobalIDString = B47862171A7C300500DC01CD;
			remoteInfo = Calculator;
		};
/* End PBXContainerItemProxy section */

/* Begin PBXFileReference section */
		B47862181A7C300500DC01CD /* Calculator.app */ = {isa = PBXFileReference; explicitFileType = wrapper.application; includeInIndex = 0; path = Calculator.app; sourceTree = BUILT_PRODUCTS_DIR; };
		B478621C1A7C300500DC01CD /* Info.plist */ = {isa = PBXFileReference; lastKnownFileType = text.plist.xml; path = Info.plist; sourceTree = "<group>"; };
		B478621D1A7C300500DC01CD /* main.m */ = {isa = PBXFileReference; lastKnownFileType = sourcecode.c.objc; path = main.m; sourceTree = "<group>"; };
		B478621F1A7C300500DC01CD /* AppDelegate.h */ = {isa = PBXFileReference; lastKnownFileType = sourcecode.c.h; path = AppDelegate.h; sourceTree = "<group>"; };
		B47862201A7C300500DC01CD /* AppDelegate.m */ = {isa = PBXFileReference; lastKnownFileType = sourcecode.c.objc; path = AppDelegate.m; sourceTree = "<group>"; };
		B47862221A7C300500DC01CD /* ViewController.h */ = {isa = PBXFileReference; lastKnownFileType = sourcecode.c.h; path = ViewController.h; sourceTree = "<group>"; };
		B47862231A7C300500DC01CD /* ViewController.m */ = {isa = PBXFileReference; lastKnownFileType = sourcecode.c.objc; path = ViewController.m; sourceTree = "<group>"; };
		B47862261A7C300500DC01CD /* Base */ = {isa = PBXFileReference; lastKnownFileType = file.storyboard; name = Base; path = Base.lproj/Main.storyboard; sourceTree = "<group>"; };
		B47862281A7C300500DC01CD /* Images.xcassets */ = {isa = PBXFileReference; lastKnownFileType = folder.assetcatalog; path = Images.xcassets; sourceTree = "<group>"; };
		B478622B1A7C300500DC01CD /* Base */ = {isa = PBXFileReference; lastKnownFileType = file.xib; name = Base; path = Base.lproj/LaunchScreen.xib; sourceTree = "<group>"; };
		B47862311A7C300500DC01CD /* CalculatorTests.xctest */ = {isa = PBXFileReference; explicitFileType = wrapper.cfbundle; includeInIndex = 0; path = CalculatorTests.xctest; sourceTree = BUILT_PRODUCTS_DIR; };
		B47862361A7C300500DC01CD /* Info.plist */ = {isa = PBXFileReference; lastKnownFileType = text.plist.xml; path = Info.plist; sourceTree = "<group>"; };
		B47862371A7C300500DC01CD /* CalculatorTests.m */ = {isa = PBXFileReference; lastKnownFileType = sourcecode.c.objc; path = CalculatorTests.m; sourceTree = "<group>"; };
		B47862411A7C416D00DC01CD /* CalculatorBrain.h */ = {isa = PBXFileReference; fileEncoding = 4; lastKnownFileType = sourcecode.c.h; path = CalculatorBrain.h; sourceTree = "<group>"; };
		B47862421A7C416D00DC01CD /* CalculatorBrain.m */ = {isa = PBXFileReference; fileEncoding = 4; lastKnownFileType = sourcecode.c.objc; path = CalculatorBrain.m; sourceTree = "<group>"; };
/* End PBXFileReference section */

/* Begin PBXFrameworksBuildPhase section */
		B47862151A7C300500DC01CD /* Frameworks */ = {
			isa = PBXFrameworksBuildPhase;
			buildActionMask = 2147483647;
			files = (
			);
			runOnlyForDeploymentPostprocessing = 0;
		};
		B478622E1A7C300500DC01CD /* Frameworks */ = {
			isa = PBXFrameworksBuildPhase;
			buildActionMask = 2147483647;
			files = (
			);
			runOnlyForDeploymentPostprocessing = 0;
		};
/* End PBXFrameworksBuildPhase section */

/* Begin PBXGroup section */
		B478620F1A7C300500DC01CD = {
			isa = PBXGroup;
			children = (
				B478621A1A7C300500DC01CD /* Calculator */,
				B47862341A7C300500DC01CD /* CalculatorTests */,
				B47862191A7C300500DC01CD /* Products */,
			);
			sourceTree = "<group>";
		};
		B47862191A7C300500DC01CD /* Products */ = {
			isa = PBXGroup;
			children = (
				B47862181A7C300500DC01CD /* Calculator.app */,
				B47862311A7C300500DC01CD /* CalculatorTests.xctest */,
			);
			name = Products;
			sourceTree = "<group>";
		};
		B478621A1A7C300500DC01CD /* Calculator */ = {
			isa = PBXGroup;
			children = (
				B47862411A7C416D00DC01CD /* CalculatorBrain.h */,
				B47862421A7C416D00DC01CD /* CalculatorBrain.m */,
				B478621F1A7C300500DC01CD /* AppDelegate.h */,
				B47862201A7C300500DC01CD /* AppDelegate.m */,
				B47862221A7C300500DC01CD /* ViewController.h */,
				B47862231A7C300500DC01CD /* ViewController.m */,
				B47862251A7C300500DC01CD /* Main.storyboard */,
				B47862281A7C300500DC01CD /* Images.xcassets */,
				B478622A1A7C300500DC01CD /* LaunchScreen.xib */,
				B478621B1A7C300500DC01CD /* Supporting Files */,
			);
			path = Calculator;
			sourceTree = "<group>";
		};
		B478621B1A7C300500DC01CD /* Supporting Files */ = {
			isa = PBXGroup;
			children = (
				B478621C1A7C300500DC01CD /* Info.plist */,
				B478621D1A7C300500DC01CD /* main.m */,
			);
			name = "Supporting Files";
			sourceTree = "<group>";
		};
		B47862341A7C300500DC01CD /* CalculatorTests */ = {
			isa = PBXGroup;
			children = (
				B47862371A7C300500DC01CD /* CalculatorTests.m */,
				B47862351A7C300500DC01CD /* Supporting Files */,
			);
			path = CalculatorTests;
			sourceTree = "<group>";
		};
		B47862351A7C300500DC01CD /* Supporting Files */ = {
			isa = PBXGroup;
			children = (
				B47862361A7C300500DC01CD /* Info.plist */,
			);
			name = "Supporting Files";
			sourceTree = "<group>";
		};
/* End PBXGroup section */

/* Begin PBXNativeTarget section */
		B47862171A7C300500DC01CD /* Calculator */ = {
			isa = PBXNativeTarget;
			buildConfigurationList = B478623B1A7C300500DC01CD /* Build configuration list for PBXNativeTarget "Calculator" */;
			buildPhases = (
				B47862141A7C300500DC01CD /* Sources */,
				B47862151A7C300500DC01CD /* Frameworks */,
				B47862161A7C300500DC01CD /* Resources */,
			);
			buildRules = (
			);
			dependencies = (
			);
			name = Calculator;
			productName = Calculator;
			productReference = B47862181A7C300500DC01CD /* Calculator.app */;
			productType = "com.apple.product-type.application";
		};
		B47862301A7C300500DC01CD /* CalculatorTests */ = {
			isa = PBXNativeTarget;
			buildConfigurationList = B478623E1A7C300500DC01CD /* Build configuration list for PBXNativeTarget "CalculatorTests" */;
			buildPhases = (
				B478622D1A7C300500DC01CD /* Sources */,
				B478622E1A7C300500DC01CD /* Frameworks */,
				B478622F1A7C300500DC01CD /* Resources */,
			);
			buildRules = (
			);
			dependencies = (
				B47862331A7C300500DC01CD /* PBXTargetDependency */,
			);
			name = CalculatorTests;
			productName = CalculatorTests;
			productReference = B47862311A7C300500DC01CD /* CalculatorTests.xctest */;
			productType = "com.apple.product-type.bundle.unit-test";
		};
/* End PBXNativeTarget section */

/* Begin PBXProject section */
		B47862101A7C300500DC01CD /* Project object */ = {
			isa = PBXProject;
			attributes = {
				LastUpgradeCheck = 0610;
				ORGANIZATIONNAME = "Hossain, Mohammad";
				TargetAttributes = {
					B47862171A7C300500DC01CD = {
						CreatedOnToolsVersion = 6.1.1;
					};
					B47862301A7C300500DC01CD = {
						CreatedOnToolsVersion = 6.1.1;
						TestTargetID = B47862171A7C300500DC01CD;
					};
				};
			};
			buildConfigurationList = B47862131A7C300500DC01CD /* Build configuration list for PBXProject "Calculator" */;
			compatibilityVersion = "Xcode 3.2";
			developmentRegion = English;
			hasScannedForEncodings = 0;
			knownRegions = (
				en,
				Base,
			);
			mainGroup = B478620F1A7C300500DC01CD;
			productRefGroup = B47862191A7C300500DC01CD /* Products */;
			projectDirPath = "";
			projectRoot = "";
			targets = (
				B47862171A7C300500DC01CD /* Calculator */,
				B47862301A7C300500DC01CD /* CalculatorTests */,
			);
		};
/* End PBXProject section */

/* Begin PBXResourcesBuildPhase section */
		B47862161A7C300500DC01CD /* Resources */ = {
			isa = PBXResourcesBuildPhase;
			buildActionMask = 2147483647;
			files = (
				B47862271A7C300500DC01CD /* Main.storyboard in Resources */,
				B478622C1A7C300500DC01CD /* LaunchScreen.xib in Resources */,
				B47862291A7C300500DC01CD /* Images.xcassets in Resources */,
			);
			runOnlyForDeploymentPostprocessing = 0;
		};
		B478622F1A7C300500DC01CD /* Resources */ = {
			isa = PBXResourcesBuildPhase;
			buildActionMask = 2147483647;
			files = (
			);
			runOnlyForDeploymentPostprocessing = 0;
		};
/* End PBXResourcesBuildPhase section */

/* Begin PBXSourcesBuildPhase section */
		B47862141A7C300500DC01CD /* Sources */ = {
			isa = PBXSourcesBuildPhase;
			buildActionMask = 2147483647;
			files = (
				B47862241A7C300500DC01CD /* ViewController.m in Sources */,
				B47862211A7C300500DC01CD /* AppDelegate.m in Sources */,
				B47862431A7C416D00DC01CD /* CalculatorBrain.m in Sources */,
				B478621E1A7C300500DC01CD /* main.m in Sources */,
			);
			runOnlyForDeploymentPostprocessing = 0;
		};
		B478622D1A7C300500DC01CD /* Sources */ = {
			isa = PBXSourcesBuildPhase;
			buildActionMask = 2147483647;
			files = (
				B47862381A7C300500DC01CD /* CalculatorTests.m in Sources */,
			);
			runOnlyForDeploymentPostprocessing = 0;
		};
/* End PBXSourcesBuildPhase section */

/* Begin PBXTargetDependency section */
		B47862331A7C300500DC01CD /* PBXTargetDependency */ = {
			isa = PBXTargetDependency;
			target = B47862171A7C300500DC01CD /* Calculator */;
			targetProxy = B47862321A7C300500DC01CD /* PBXContainerItemProxy */;
		};
/* End PBXTargetDependency section */

/* Begin PBXVariantGroup section */
		B47862251A7C300500DC01CD /* Main.storyboard */ = {
			isa = PBXVariantGroup;
			children = (
				B47862261A7C300500DC01CD /* Base */,
			);
			name = Main.storyboard;
			sourceTree = "<group>";
		};
		B478622A1A7C300500DC01CD /* LaunchScreen.xib */ = {
			isa = PBXVariantGroup;
			children = (
				B478622B1A7C300500DC01CD /* Base */,
			);
			name = LaunchScreen.xib;
			sourceTree = "<group>";
		};
/* End PBXVariantGroup section */

/* Begin XCBuildConfiguration section */
		B47862391A7C300500DC01CD /* Debug */ = {
			isa = XCBuildConfiguration;
			buildSettings = {
				ALWAYS_SEARCH_USER_PATHS = NO;
				CLANG_CXX_LANGUAGE_STANDARD = "gnu++0x";
				CLANG_CXX_LIBRARY = "libc++";
				CLANG_ENABLE_MODULES = YES;
				CLANG_ENABLE_OBJC_ARC = YES;
				CLANG_WARN_BOOL_CONVERSION = YES;
				CLANG_WARN_CONSTANT_CONVERSION = YES;
				CLANG_WARN_DIRECT_OBJC_ISA_USAGE = YES_ERROR;
				CLANG_WARN_EMPTY_BODY = YES;
				CLANG_WARN_ENUM_CONVERSION = YES;
				CLANG_WARN_INT_CONVERSION = YES;
				CLANG_WARN_OBJC_ROOT_CLASS = YES_ERROR;
				CLANG_WARN_UNREACHABLE_CODE = YES;
				CLANG_WARN__DUPLICATE_METHOD_MATCH = YES;
				"CODE_SIGN_IDENTITY[sdk=iphoneos*]" = "iPhone Developer";
				COPY_PHASE_STRIP = NO;
				ENABLE_STRICT_OBJC_MSGSEND = YES;
				GCC_C_LANGUAGE_STANDARD = gnu99;
				GCC_DYNAMIC_NO_PIC = NO;
				GCC_OPTIMIZATION_LEVEL = 0;
				GCC_PREPROCESSOR_DEFINITIONS = (
					"DEBUG=1",
					"$(inherited)",
				);
				GCC_SYMBOLS_PRIVATE_EXTERN = NO;
				GCC_WARN_64_TO_32_BIT_CONVERSION = YES;
				GCC_WARN_ABOUT_RETURN_TYPE = YES_ERROR;
				GCC_WARN_UNDECLARED_SELECTOR = YES;
				GCC_WARN_UNINITIALIZED_AUTOS = YES_AGGRESSIVE;
				GCC_WARN_UNUSED_FUNCTION = YES;
				GCC_WARN_UNUSED_VARIABLE = YES;
				IPHONEOS_DEPLOYMENT_TARGET = 8.1;
				MTL_ENABLE_DEBUG_INFO = YES;
				ONLY_ACTIVE_ARCH = YES;
				SDKROOT = iphoneos;
			};
			name = Debug;
		};
		B478623A1A7C300500DC01CD /* Release */ = {
			isa = XCBuildConfiguration;
			buildSettings = {
				ALWAYS_SEARCH_USER_PATHS = NO;
				CLANG_CXX_LANGUAGE_STANDARD = "gnu++0x";
				CLANG_CXX_LIBRARY = "libc++";
				CLANG_ENABLE_MODULES = YES;
				CLANG_ENABLE_OBJC_ARC = YES;
				CLANG_WARN_BOOL_CONVERSION = YES;
				CLANG_WARN_CONSTANT_CONVERSION = YES;
				CLANG_WARN_DIRECT_OBJC_ISA_USAGE = YES_ERROR;
				CLANG_WARN_EMPTY_BODY = YES;
				CLANG_WARN_ENUM_CONVERSION = YES;
				CLANG_WARN_INT_CONVERSION = YES;
				CLANG_WARN_OBJC_ROOT_CLASS = YES_ERROR;
				CLANG_WARN_UNREACHABLE_CODE = YES;
				CLANG_WARN__DUPLICATE_METHOD_MATCH = YES;
				"CODE_SIGN_IDENTITY[sdk=iphoneos*]" = "iPhone Developer";
				COPY_PHASE_STRIP = YES;
				ENABLE_NS_ASSERTIONS = NO;
				ENABLE_STRICT_OBJC_MSGSEND = YES;
				GCC_C_LANGUAGE_STANDARD = gnu99;
				GCC_WARN_64_TO_32_BIT_CONVERSION = YES;
				GCC_WARN_ABOUT_RETURN_TYPE = YES_ERROR;
				GCC_WARN_UNDECLARED_SELECTOR = YES;
				GCC_WARN_UNINITIALIZED_AUTOS = YES_AGGRESSIVE;
				GCC_WARN_UNUSED_FUNCTION = YES;
				GCC_WARN_UNUSED_VARIABLE = YES;
				IPHONEOS_DEPLOYMENT_TARGET = 8.1;
				MTL_ENABLE_DEBUG_INFO = NO;
				SDKROOT = iphoneos;
				VALIDATE_PRODUCT = YES;
			};
			name = Release;
		};
		B478623C1A7C300500DC01CD /* Debug */ = {
			isa = XCBuildConfiguration;
			buildSettings = {
				ASSETCATALOG_COMPILER_APPICON_NAME = AppIcon;
				INFOPLIST_FILE = Calculator/Info.plist;
				LD_RUNPATH_SEARCH_PATHS = "$(inherited) @executable_path/Frameworks";
				PRODUCT_NAME = "$(TARGET_NAME)";
			};
			name = Debug;
		};
		B478623D1A7C300500DC01CD /* Release */ = {
			isa = XCBuildConfiguration;
			buildSettings = {
				ASSETCATALOG_COMPILER_APPICON_NAME = AppIcon;
				INFOPLIST_FILE = Calculator/Info.plist;
				LD_RUNPATH_SEARCH_PATHS = "$(inherited) @executable_path/Frameworks";
				PRODUCT_NAME = "$(TARGET_NAME)";
			};
			name = Release;
		};
		B478623F1A7C300500DC01CD /* Debug */ = {
			isa = XCBuildConfiguration;
			buildSettings = {
				BUNDLE_LOADER = "$(TEST_HOST)";
				FRAMEWORK_SEARCH_PATHS = (
					"$(SDKROOT)/Developer/Library/Frameworks",
					"$(inherited)",
				);
				GCC_PREPROCESSOR_DEFINITIONS = (
					"DEBUG=1",
					"$(inherited)",
				);
				INFOPLIST_FILE = CalculatorTests/Info.plist;
				LD_RUNPATH_SEARCH_PATHS = "$(inherited) @executable_path/Frameworks @loader_path/Frameworks";
				PRODUCT_NAME = "$(TARGET_NAME)";
				TEST_HOST = "$(BUILT_PRODUCTS_DIR)/Calculator.app/Calculator";
			};
			name = Debug;
		};
		B47862401A7C300500DC01CD /* Release */ = {
			isa = XCBuildConfiguration;
			buildSettings = {
				BUNDLE_LOADER = "$(TEST_HOST)";
				FRAMEWORK_SEARCH_PATHS = (
					"$(SDKROOT)/Developer/Library/Frameworks",
					"$(inherited)",
				);
				INFOPLIST_FILE = CalculatorTests/Info.plist;
				LD_RUNPATH_SEARCH_PATHS = "$(inherited) @executable_path/Frameworks @loader_path/Frameworks";
				PRODUCT_NAME = "$(TARGET_NAME)";
				TEST_HOST = "$(BUILT_PRODUCTS_DIR)/Calculator.app/Calculator";
			};
			name = Release;
		};
/* End XCBuildConfiguration section */

/* Begin XCConfigurationList section */
		B47862131A7C300500DC01CD /* Build configuration list for PBXProject "Calculator" */ = {
			isa = XCConfigurationList;
			buildConfigurations = (
				B47862391A7C300500DC01CD /* Debug */,
				B478623A1A7C300500DC01CD /* Release */,
			);
			defaultConfigurationIsVisible = 0;
			defaultConfigurationName = Release;
		};
		B478623B1A7C300500DC01CD /* Build configuration list for PBXNativeTarget "Calculator" */ = {
			isa = XCConfigurationList;
			buildConfigurations = (
				B478623C1A7C300500DC01CD /* Debug */,
				B478623D1A7C300500DC01CD /* Release */,
			);
			defaultConfigurationIsVisible = 0;
		};
		B478623E1A7C300500DC01CD /* Build configuration list for PBXNativeTarget "CalculatorTests" */ = {
			isa = XCConfigurationList;
			buildConfigurations = (
				B478623F1A7C300500DC01CD /* Debug */,
				B47862401A7C300500DC01CD /* Release */,
			);
			defaultConfigurationIsVisible = 0;
		};
/* End XCConfigurationList section */
	};
	rootObject = B47862101A7C300500DC01CD /* Project object */;
}
